// !$*UTF8*$!
{
	archiveVersion = 1;
	classes = {
	};
	objectVersion = 51;
	objects = {

/* Begin PBXBuildFile section */
		6166662226BAD69C00FD365E /* RunLoopVC.swift in Sources */ = {isa = PBXBuildFile; fileRef = 6166662126BAD69C00FD365E /* RunLoopVC.swift */; };
		616667B926BAE67900FD365E /* RunLoopOc.m in Sources */ = {isa = PBXBuildFile; fileRef = 616667B826BAE67900FD365E /* RunLoopOc.m */; };
		7207D4444B6CC338E123412B /* Pods_SwiftS3season.framework in Frameworks */ = {isa = PBXBuildFile; fileRef = 0790D4E87291A55468566A52 /* Pods_SwiftS3season.framework */; };
		8969770E26B0F23B0024484E /* RxSwiftVC.swift in Sources */ = {isa = PBXBuildFile; fileRef = 8969770D26B0F23B0024484E /* RxSwiftVC.swift */; };
		8969771326B140AE0024484E /* HomeViewModel.swift in Sources */ = {isa = PBXBuildFile; fileRef = 8969771226B140AE0024484E /* HomeViewModel.swift */; };
		8969771726B141210024484E /* home_data.json in Resources */ = {isa = PBXBuildFile; fileRef = 8969771626B141210024484E /* home_data.json */; };
		8969771A26B14F170024484E /* CoreImageVC.swift in Sources */ = {isa = PBXBuildFile; fileRef = 8969771926B14F170024484E /* CoreImageVC.swift */; };
		8969771D26B241090024484E /* CustomFilter.swift in Sources */ = {isa = PBXBuildFile; fileRef = 8969771C26B241090024484E /* CustomFilter.swift */; };
		8969772026B242A70024484E /* MirrorX.cikernel in Resources */ = {isa = PBXBuildFile; fileRef = 8969771F26B242A70024484E /* MirrorX.cikernel */; };
		8969773626B2B7BA0024484E /* CoreAnimationVC.swift in Sources */ = {isa = PBXBuildFile; fileRef = 8969773526B2B7BA0024484E /* CoreAnimationVC.swift */; };
		8969773D26B781330024484E /* CubeVC.swift in Sources */ = {isa = PBXBuildFile; fileRef = 8969773B26B781330024484E /* CubeVC.swift */; };
		8969774326B791660024484E /* CAShapeLayerVC.swift in Sources */ = {isa = PBXBuildFile; fileRef = 8969774226B791660024484E /* CAShapeLayerVC.swift */; };
		8969774826B8D7380024484E /* CAMediaTimingVC.swift in Sources */ = {isa = PBXBuildFile; fileRef = 8969774726B8D7380024484E /* CAMediaTimingVC.swift */; };
		8969779926BA5DEB0024484E /* CoreGraphicsVC.swift in Sources */ = {isa = PBXBuildFile; fileRef = 8969779826BA5DEB0024484E /* CoreGraphicsVC.swift */; };
		896977A026BA6ED80024484E /* img_02.jpeg in Resources */ = {isa = PBXBuildFile; fileRef = 8969779D26BA6ED80024484E /* img_02.jpeg */; };
		896977A126BA6ED80024484E /* img_01.jpeg in Resources */ = {isa = PBXBuildFile; fileRef = 8969779E26BA6ED80024484E /* img_01.jpeg */; };
		896977A226BA6ED80024484E /* img_03.jpeg in Resources */ = {isa = PBXBuildFile; fileRef = 8969779F26BA6ED80024484E /* img_03.jpeg */; };
		896977A526BA8F080024484E /* LayerMaskVC.swift in Sources */ = {isa = PBXBuildFile; fileRef = 896977A426BA8F080024484E /* LayerMaskVC.swift */; };
		896977F726BB7A7C0024484E /* CAChartVC.swift in Sources */ = {isa = PBXBuildFile; fileRef = 896977F626BB7A7C0024484E /* CAChartVC.swift */; };
		896977FE26BB7C450024484E /* GraphView.swift in Sources */ = {isa = PBXBuildFile; fileRef = 896977FD26BB7C450024484E /* GraphView.swift */; };
		8969780126BBAFDF0024484E /* PieChartView.swift in Sources */ = {isa = PBXBuildFile; fileRef = 8969780026BBAFDF0024484E /* PieChartView.swift */; };
		8969782326BBBE010024484E /* PieModel.swift in Sources */ = {isa = PBXBuildFile; fileRef = 8969782226BBBE010024484E /* PieModel.swift */; };
		898893FE26BD451300DFD094 /* UIWindow+JXSafeArea.swift in Sources */ = {isa = PBXBuildFile; fileRef = 898893FD26BD451300DFD094 /* UIWindow+JXSafeArea.swift */; };
		8988940126BD46BD00DFD094 /* BasePageVC.swift in Sources */ = {isa = PBXBuildFile; fileRef = 8988940026BD46BD00DFD094 /* BasePageVC.swift */; };
		8988940426BD46E600DFD094 /* PagingViewTableHeaderView.swift in Sources */ = {isa = PBXBuildFile; fileRef = 8988940326BD46E600DFD094 /* PagingViewTableHeaderView.swift */; };
		8988940726BD475800DFD094 /* ListViewController.swift in Sources */ = {isa = PBXBuildFile; fileRef = 8988940626BD475800DFD094 /* ListViewController.swift */; };
		89B400AF26A9104A00B7E486 /* SZ_MainTabBarControllerViewController.swift in Sources */ = {isa = PBXBuildFile; fileRef = 89B400AC26A9104A00B7E486 /* SZ_MainTabBarControllerViewController.swift */; };
		89B400B026A9104A00B7E486 /* SZ_MainNavigationControll.swift in Sources */ = {isa = PBXBuildFile; fileRef = 89B400AE26A9104A00B7E486 /* SZ_MainNavigationControll.swift */; };
		89B400B526A9107400B7E486 /* BaseViewController.swift in Sources */ = {isa = PBXBuildFile; fileRef = 89B400B426A9107400B7E486 /* BaseViewController.swift */; };
		89B400B926A9116500B7E486 /* BasedSome.swift in Sources */ = {isa = PBXBuildFile; fileRef = 89B400B826A9116500B7E486 /* BasedSome.swift */; };
		89B400BD26A91F7E00B7E486 /* HomeVC.swift in Sources */ = {isa = PBXBuildFile; fileRef = 89B400BC26A91F7E00B7E486 /* HomeVC.swift */; };
		89B400C126A9562000B7E486 /* BaseCollection.swift in Sources */ = {isa = PBXBuildFile; fileRef = 89B400C026A9562000B7E486 /* BaseCollection.swift */; };
		89B4011826AA908C00B7E486 /* BaseBlock.swift in Sources */ = {isa = PBXBuildFile; fileRef = 89B4011726AA908C00B7E486 /* BaseBlock.swift */; };
		89B4011B26AAC30D00B7E486 /* BaseClassStruct.swift in Sources */ = {isa = PBXBuildFile; fileRef = 89B4011A26AAC30D00B7E486 /* BaseClassStruct.swift */; };
		89B4015326ABE53200B7E486 /* BaseErrorThrows.swift in Sources */ = {isa = PBXBuildFile; fileRef = 89B4015226ABE53200B7E486 /* BaseErrorThrows.swift */; };
		89B4015726ABEEF500B7E486 /* BseExtension.swift in Sources */ = {isa = PBXBuildFile; fileRef = 89B4015626ABEEF500B7E486 /* BseExtension.swift */; };
		89B4015B26ABF4EF00B7E486 /* BaseProcotol.swift in Sources */ = {isa = PBXBuildFile; fileRef = 89B4015A26ABF4EF00B7E486 /* BaseProcotol.swift */; };
		89B401CF26AE640100B7E486 /* chat.json in Resources */ = {isa = PBXBuildFile; fileRef = 89B401CB26AE640100B7E486 /* chat.json */; };
		89B401D026AE640100B7E486 /* moments.json in Resources */ = {isa = PBXBuildFile; fileRef = 89B401CC26AE640100B7E486 /* moments.json */; };
		89B401D126AE640100B7E486 /* contact.json in Resources */ = {isa = PBXBuildFile; fileRef = 89B401CD26AE640100B7E486 /* contact.json */; };
		89B401D226AE640100B7E486 /* message.json in Resources */ = {isa = PBXBuildFile; fileRef = 89B401CE26AE640100B7E486 /* message.json */; };
		89B4022D26AE858C00B7E486 /* MJRefresh+Rx.swift in Sources */ = {isa = PBXBuildFile; fileRef = 89B4022C26AE858C00B7E486 /* MJRefresh+Rx.swift */; };
		89B4023226AE8C3000B7E486 /* HomeTableViewCell.swift in Sources */ = {isa = PBXBuildFile; fileRef = 89B4023126AE8C3000B7E486 /* HomeTableViewCell.swift */; };
		89B4023B26AE8D4700B7E486 /* RequestConfig.swift in Sources */ = {isa = PBXBuildFile; fileRef = 89B4023726AE8D4700B7E486 /* RequestConfig.swift */; };
		89B4023C26AE8D4700B7E486 /* Api.swift in Sources */ = {isa = PBXBuildFile; fileRef = 89B4023826AE8D4700B7E486 /* Api.swift */; };
		89B4023D26AE8D4700B7E486 /* AppRequest.swift in Sources */ = {isa = PBXBuildFile; fileRef = 89B4023926AE8D4700B7E486 /* AppRequest.swift */; };
		89B4024026AE8D5900B7E486 /* Macro.swift in Sources */ = {isa = PBXBuildFile; fileRef = 89B4023F26AE8D5900B7E486 /* Macro.swift */; };
		89B4024626AE939600B7E486 /* SZColors.swift in Sources */ = {isa = PBXBuildFile; fileRef = 89B4024526AE939600B7E486 /* SZColors.swift */; };
		89FB2FE726A8242800793F0D /* AppDelegate.swift in Sources */ = {isa = PBXBuildFile; fileRef = 89FB2FE626A8242800793F0D /* AppDelegate.swift */; };
		89FB2FEB26A8242900793F0D /* ViewController.swift in Sources */ = {isa = PBXBuildFile; fileRef = 89FB2FEA26A8242900793F0D /* ViewController.swift */; };
		89FB2FF026A8242D00793F0D /* Assets.xcassets in Resources */ = {isa = PBXBuildFile; fileRef = 89FB2FEF26A8242D00793F0D /* Assets.xcassets */; };
		89FB2FF326A8242D00793F0D /* LaunchScreen.storyboard in Resources */ = {isa = PBXBuildFile; fileRef = 89FB2FF126A8242D00793F0D /* LaunchScreen.storyboard */; };
/* End PBXBuildFile section */

/* Begin PBXFileReference section */
		0790D4E87291A55468566A52 /* Pods_SwiftS3season.framework */ = {isa = PBXFileReference; explicitFileType = wrapper.framework; includeInIndex = 0; path = Pods_SwiftS3season.framework; sourceTree = BUILT_PRODUCTS_DIR; };
		081A532BAA47AD2D87F9B2E8 /* Pods-SwiftS3season.release.xcconfig */ = {isa = PBXFileReference; includeInIndex = 1; lastKnownFileType = text.xcconfig; name = "Pods-SwiftS3season.release.xcconfig"; path = "Target Support Files/Pods-SwiftS3season/Pods-SwiftS3season.release.xcconfig"; sourceTree = "<group>"; };
		6166662126BAD69C00FD365E /* RunLoopVC.swift */ = {isa = PBXFileReference; lastKnownFileType = sourcecode.swift; path = RunLoopVC.swift; sourceTree = "<group>"; };
		616667B626BAE67900FD365E /* SwiftS3season-Bridging-Header.h */ = {isa = PBXFileReference; fileEncoding = 4; lastKnownFileType = sourcecode.c.h; path = "SwiftS3season-Bridging-Header.h"; sourceTree = "<group>"; };
		616667B726BAE67900FD365E /* RunLoopOc.h */ = {isa = PBXFileReference; fileEncoding = 4; lastKnownFileType = sourcecode.c.h; path = RunLoopOc.h; sourceTree = "<group>"; };
		616667B826BAE67900FD365E /* RunLoopOc.m */ = {isa = PBXFileReference; fileEncoding = 4; lastKnownFileType = sourcecode.c.objc; path = RunLoopOc.m; sourceTree = "<group>"; };
		80C489030435A34333E79262 /* Pods-SwiftS3season.debug.xcconfig */ = {isa = PBXFileReference; includeInIndex = 1; lastKnownFileType = text.xcconfig; name = "Pods-SwiftS3season.debug.xcconfig"; path = "Target Support Files/Pods-SwiftS3season/Pods-SwiftS3season.debug.xcconfig"; sourceTree = "<group>"; };
		8969770D26B0F23B0024484E /* RxSwiftVC.swift */ = {isa = PBXFileReference; lastKnownFileType = sourcecode.swift; path = RxSwiftVC.swift; sourceTree = "<group>"; };
		8969771226B140AE0024484E /* HomeViewModel.swift */ = {isa = PBXFileReference; lastKnownFileType = sourcecode.swift; path = HomeViewModel.swift; sourceTree = "<group>"; };
		8969771626B141210024484E /* home_data.json */ = {isa = PBXFileReference; lastKnownFileType = text.json; path = home_data.json; sourceTree = "<group>"; };
		8969771926B14F170024484E /* CoreImageVC.swift */ = {isa = PBXFileReference; lastKnownFileType = sourcecode.swift; path = CoreImageVC.swift; sourceTree = "<group>"; };
		8969771C26B241090024484E /* CustomFilter.swift */ = {isa = PBXFileReference; lastKnownFileType = sourcecode.swift; path = CustomFilter.swift; sourceTree = "<group>"; };
		8969771F26B242A70024484E /* MirrorX.cikernel */ = {isa = PBXFileReference; lastKnownFileType = text; path = MirrorX.cikernel; sourceTree = "<group>"; };
		8969772326B280370024484E /* 框架介绍.txt */ = {isa = PBXFileReference; lastKnownFileType = text; path = "框架介绍.txt"; sourceTree = "<group>"; };
		8969773526B2B7BA0024484E /* CoreAnimationVC.swift */ = {isa = PBXFileReference; lastKnownFileType = sourcecode.swift; path = CoreAnimationVC.swift; sourceTree = "<group>"; };
		8969773B26B781330024484E /* CubeVC.swift */ = {isa = PBXFileReference; lastKnownFileType = sourcecode.swift; path = CubeVC.swift; sourceTree = "<group>"; };
		8969774226B791660024484E /* CAShapeLayerVC.swift */ = {isa = PBXFileReference; lastKnownFileType = sourcecode.swift; path = CAShapeLayerVC.swift; sourceTree = "<group>"; };
		8969774726B8D7380024484E /* CAMediaTimingVC.swift */ = {isa = PBXFileReference; lastKnownFileType = sourcecode.swift; path = CAMediaTimingVC.swift; sourceTree = "<group>"; };
		8969779826BA5DEB0024484E /* CoreGraphicsVC.swift */ = {isa = PBXFileReference; lastKnownFileType = sourcecode.swift; path = CoreGraphicsVC.swift; sourceTree = "<group>"; };
		8969779D26BA6ED80024484E /* img_02.jpeg */ = {isa = PBXFileReference; lastKnownFileType = image.jpeg; path = img_02.jpeg; sourceTree = "<group>"; };
		8969779E26BA6ED80024484E /* img_01.jpeg */ = {isa = PBXFileReference; lastKnownFileType = image.jpeg; path = img_01.jpeg; sourceTree = "<group>"; };
		8969779F26BA6ED80024484E /* img_03.jpeg */ = {isa = PBXFileReference; lastKnownFileType = image.jpeg; path = img_03.jpeg; sourceTree = "<group>"; };
		896977A426BA8F080024484E /* LayerMaskVC.swift */ = {isa = PBXFileReference; lastKnownFileType = sourcecode.swift; path = LayerMaskVC.swift; sourceTree = "<group>"; };
		896977F626BB7A7C0024484E /* CAChartVC.swift */ = {isa = PBXFileReference; fileEncoding = 4; lastKnownFileType = sourcecode.swift; path = CAChartVC.swift; sourceTree = "<group>"; };
		896977FD26BB7C450024484E /* GraphView.swift */ = {isa = PBXFileReference; lastKnownFileType = sourcecode.swift; path = GraphView.swift; sourceTree = "<group>"; };
		8969780026BBAFDF0024484E /* PieChartView.swift */ = {isa = PBXFileReference; lastKnownFileType = sourcecode.swift; path = PieChartView.swift; sourceTree = "<group>"; };
		8969782226BBBE010024484E /* PieModel.swift */ = {isa = PBXFileReference; lastKnownFileType = sourcecode.swift; path = PieModel.swift; sourceTree = "<group>"; };
		898893FD26BD451300DFD094 /* UIWindow+JXSafeArea.swift */ = {isa = PBXFileReference; fileEncoding = 4; lastKnownFileType = sourcecode.swift; path = "UIWindow+JXSafeArea.swift"; sourceTree = "<group>"; };
		8988940026BD46BD00DFD094 /* BasePageVC.swift */ = {isa = PBXFileReference; lastKnownFileType = sourcecode.swift; path = BasePageVC.swift; sourceTree = "<group>"; };
		8988940326BD46E600DFD094 /* PagingViewTableHeaderView.swift */ = {isa = PBXFileReference; lastKnownFileType = sourcecode.swift; path = PagingViewTableHeaderView.swift; sourceTree = "<group>"; };
		8988940626BD475800DFD094 /* ListViewController.swift */ = {isa = PBXFileReference; lastKnownFileType = sourcecode.swift; path = ListViewController.swift; sourceTree = "<group>"; };
		8988941B26BE58B300DFD094 /* App启动优化.txt */ = {isa = PBXFileReference; lastKnownFileType = text; path = "App启动优化.txt"; sourceTree = "<group>"; };
		89B400AC26A9104A00B7E486 /* SZ_MainTabBarControllerViewController.swift */ = {isa = PBXFileReference; fileEncoding = 4; lastKnownFileType = sourcecode.swift; path = SZ_MainTabBarControllerViewController.swift; sourceTree = "<group>"; };
		89B400AE26A9104A00B7E486 /* SZ_MainNavigationControll.swift */ = {isa = PBXFileReference; fileEncoding = 4; lastKnownFileType = sourcecode.swift; path = SZ_MainNavigationControll.swift; sourceTree = "<group>"; };
		89B400B426A9107400B7E486 /* BaseViewController.swift */ = {isa = PBXFileReference; lastKnownFileType = sourcecode.swift; path = BaseViewController.swift; sourceTree = "<group>"; };
		89B400B826A9116500B7E486 /* BasedSome.swift */ = {isa = PBXFileReference; lastKnownFileType = sourcecode.swift; path = BasedSome.swift; sourceTree = "<group>"; };
		89B400BC26A91F7E00B7E486 /* HomeVC.swift */ = {isa = PBXFileReference; lastKnownFileType = sourcecode.swift; path = HomeVC.swift; sourceTree = "<group>"; };
		89B400C026A9562000B7E486 /* BaseCollection.swift */ = {isa = PBXFileReference; lastKnownFileType = sourcecode.swift; path = BaseCollection.swift; sourceTree = "<group>"; };
		89B4011726AA908C00B7E486 /* BaseBlock.swift */ = {isa = PBXFileReference; lastKnownFileType = sourcecode.swift; path = BaseBlock.swift; sourceTree = "<group>"; };
		89B4011A26AAC30D00B7E486 /* BaseClassStruct.swift */ = {isa = PBXFileReference; lastKnownFileType = sourcecode.swift; path = BaseClassStruct.swift; sourceTree = "<group>"; };
		89B4015226ABE53200B7E486 /* BaseErrorThrows.swift */ = {isa = PBXFileReference; lastKnownFileType = sourcecode.swift; path = BaseErrorThrows.swift; sourceTree = "<group>"; };
		89B4015626ABEEF500B7E486 /* BseExtension.swift */ = {isa = PBXFileReference; lastKnownFileType = sourcecode.swift; path = BseExtension.swift; sourceTree = "<group>"; };
		89B4015A26ABF4EF00B7E486 /* BaseProcotol.swift */ = {isa = PBXFileReference; lastKnownFileType = sourcecode.swift; path = BaseProcotol.swift; sourceTree = "<group>"; };
		89B401CB26AE640100B7E486 /* chat.json */ = {isa = PBXFileReference; fileEncoding = 4; lastKnownFileType = text.json; path = chat.json; sourceTree = "<group>"; };
		89B401CC26AE640100B7E486 /* moments.json */ = {isa = PBXFileReference; fileEncoding = 4; lastKnownFileType = text.json; path = moments.json; sourceTree = "<group>"; };
		89B401CD26AE640100B7E486 /* contact.json */ = {isa = PBXFileReference; fileEncoding = 4; lastKnownFileType = text.json; path = contact.json; sourceTree = "<group>"; };
		89B401CE26AE640100B7E486 /* message.json */ = {isa = PBXFileReference; fileEncoding = 4; lastKnownFileType = text.json; path = message.json; sourceTree = "<group>"; };
		89B4022C26AE858C00B7E486 /* MJRefresh+Rx.swift */ = {isa = PBXFileReference; lastKnownFileType = sourcecode.swift; path = "MJRefresh+Rx.swift"; sourceTree = "<group>"; };
		89B4023126AE8C3000B7E486 /* HomeTableViewCell.swift */ = {isa = PBXFileReference; lastKnownFileType = sourcecode.swift; path = HomeTableViewCell.swift; sourceTree = "<group>"; };
		89B4023726AE8D4700B7E486 /* RequestConfig.swift */ = {isa = PBXFileReference; fileEncoding = 4; lastKnownFileType = sourcecode.swift; path = RequestConfig.swift; sourceTree = "<group>"; };
		89B4023826AE8D4700B7E486 /* Api.swift */ = {isa = PBXFileReference; fileEncoding = 4; lastKnownFileType = sourcecode.swift; path = Api.swift; sourceTree = "<group>"; };
		89B4023926AE8D4700B7E486 /* AppRequest.swift */ = {isa = PBXFileReference; fileEncoding = 4; lastKnownFileType = sourcecode.swift; path = AppRequest.swift; sourceTree = "<group>"; };
		89B4023F26AE8D5900B7E486 /* Macro.swift */ = {isa = PBXFileReference; lastKnownFileType = sourcecode.swift; path = Macro.swift; sourceTree = "<group>"; };
		89B4024526AE939600B7E486 /* SZColors.swift */ = {isa = PBXFileReference; lastKnownFileType = sourcecode.swift; path = SZColors.swift; sourceTree = "<group>"; };
		89FB2FE326A8242800793F0D /* SwiftS3season.app */ = {isa = PBXFileReference; explicitFileType = wrapper.application; includeInIndex = 0; path = SwiftS3season.app; sourceTree = BUILT_PRODUCTS_DIR; };
		89FB2FE626A8242800793F0D /* AppDelegate.swift */ = {isa = PBXFileReference; lastKnownFileType = sourcecode.swift; path = AppDelegate.swift; sourceTree = "<group>"; };
		89FB2FEA26A8242900793F0D /* ViewController.swift */ = {isa = PBXFileReference; lastKnownFileType = sourcecode.swift; path = ViewController.swift; sourceTree = "<group>"; };
		89FB2FEF26A8242D00793F0D /* Assets.xcassets */ = {isa = PBXFileReference; lastKnownFileType = folder.assetcatalog; path = Assets.xcassets; sourceTree = "<group>"; };
		89FB2FF226A8242D00793F0D /* Base */ = {isa = PBXFileReference; lastKnownFileType = file.storyboard; name = Base; path = Base.lproj/LaunchScreen.storyboard; sourceTree = "<group>"; };
		89FB2FF426A8242D00793F0D /* Info.plist */ = {isa = PBXFileReference; lastKnownFileType = text.plist.xml; path = Info.plist; sourceTree = "<group>"; };
/* End PBXFileReference section */

/* Begin PBXFrameworksBuildPhase section */
		89FB2FE026A8242800793F0D /* Frameworks */ = {
			isa = PBXFrameworksBuildPhase;
			buildActionMask = 2147483647;
			files = (
				7207D4444B6CC338E123412B /* Pods_SwiftS3season.framework in Frameworks */,
			);
			runOnlyForDeploymentPostprocessing = 0;
		};
/* End PBXFrameworksBuildPhase section */

/* Begin PBXGroup section */
		6166662026BAD67000FD365E /* RunLoop */ = {
			isa = PBXGroup;
			children = (
				616667B726BAE67900FD365E /* RunLoopOc.h */,
				616667B826BAE67900FD365E /* RunLoopOc.m */,
				616667B626BAE67900FD365E /* SwiftS3season-Bridging-Header.h */,
				6166662126BAD69C00FD365E /* RunLoopVC.swift */,
			);
			path = RunLoop;
			sourceTree = "<group>";
		};
		8969771026B140870024484E /* CoreImage */ = {
			isa = PBXGroup;
			children = (
				8969771926B14F170024484E /* CoreImageVC.swift */,
				8969771C26B241090024484E /* CustomFilter.swift */,
				8969771F26B242A70024484E /* MirrorX.cikernel */,
				8969772326B280370024484E /* 框架介绍.txt */,
			);
			path = CoreImage;
			sourceTree = "<group>";
		};
		8969771126B140A00024484E /* ViewModel */ = {
			isa = PBXGroup;
			children = (
				8969771226B140AE0024484E /* HomeViewModel.swift */,
			);
			path = ViewModel;
			sourceTree = "<group>";
		};
		8969773426B2B7A20024484E /* CoreAnimation */ = {
			isa = PBXGroup;
			children = (
				896977F526BB7A7C0024484E /* Chart */,
				8969773526B2B7BA0024484E /* CoreAnimationVC.swift */,
				8969773B26B781330024484E /* CubeVC.swift */,
				8969774226B791660024484E /* CAShapeLayerVC.swift */,
				8969774726B8D7380024484E /* CAMediaTimingVC.swift */,
				896977A426BA8F080024484E /* LayerMaskVC.swift */,
			);
			path = CoreAnimation;
			sourceTree = "<group>";
		};
		8969779726BA5DD90024484E /* CoreGraphics */ = {
			isa = PBXGroup;
			children = (
				8969779826BA5DEB0024484E /* CoreGraphicsVC.swift */,
			);
			path = CoreGraphics;
			sourceTree = "<group>";
		};
		8969779C26BA6EC00024484E /* Source */ = {
			isa = PBXGroup;
			children = (
				8969779E26BA6ED80024484E /* img_01.jpeg */,
				8969779D26BA6ED80024484E /* img_02.jpeg */,
				8969779F26BA6ED80024484E /* img_03.jpeg */,
			);
			path = Source;
			sourceTree = "<group>";
		};
		896977F526BB7A7C0024484E /* Chart */ = {
			isa = PBXGroup;
			children = (
				896977FB26BB7A910024484E /* ViewModel */,
				896977FA26BB7A880024484E /* View */,
				896977F626BB7A7C0024484E /* CAChartVC.swift */,
			);
			path = Chart;
			sourceTree = "<group>";
		};
		896977FA26BB7A880024484E /* View */ = {
			isa = PBXGroup;
			children = (
				896977FD26BB7C450024484E /* GraphView.swift */,
				8969780026BBAFDF0024484E /* PieChartView.swift */,
			);
			path = View;
			sourceTree = "<group>";
		};
		896977FB26BB7A910024484E /* ViewModel */ = {
			isa = PBXGroup;
			children = (
				8969782226BBBE010024484E /* PieModel.swift */,
			);
			path = ViewModel;
			sourceTree = "<group>";
		};
		8988941A26BE588200DFD094 /* iOSBase */ = {
			isa = PBXGroup;
			children = (
				8988941B26BE58B300DFD094 /* App启动优化.txt */,
			);
			path = iOSBase;
			sourceTree = "<group>";
		};
		89B4006526A8301B00B7E486 /* Screen */ = {
			isa = PBXGroup;
			children = (
				6166662026BAD67000FD365E /* RunLoop */,
				8969779726BA5DD90024484E /* CoreGraphics */,
				8969773426B2B7A20024484E /* CoreAnimation */,
				8969771026B140870024484E /* CoreImage */,
				89B400BB26A91F7600B7E486 /* Home */,
			);
			path = Screen;
			sourceTree = "<group>";
		};
		89B400A926A90F4800B7E486 /* SwiftBase */ = {
			isa = PBXGroup;
			children = (
				89B400B826A9116500B7E486 /* BasedSome.swift */,
				89B400C026A9562000B7E486 /* BaseCollection.swift */,
				89B4011726AA908C00B7E486 /* BaseBlock.swift */,
				89B4011A26AAC30D00B7E486 /* BaseClassStruct.swift */,
				89B4015226ABE53200B7E486 /* BaseErrorThrows.swift */,
				89B4015626ABEEF500B7E486 /* BseExtension.swift */,
				89B4015A26ABF4EF00B7E486 /* BaseProcotol.swift */,
			);
			path = SwiftBase;
			sourceTree = "<group>";
		};
		89B400AA26A9104A00B7E486 /* BaseUi */ = {
			isa = PBXGroup;
			children = (
				89B4022B26AE857600B7E486 /* Refresh */,
				89B400B326A9106900B7E486 /* BaseViewController */,
				89B400AB26A9104A00B7E486 /* TabBar */,
				89B400AD26A9104A00B7E486 /* NavigationBar */,
			);
			path = BaseUi;
			sourceTree = "<group>";
		};
		89B400AB26A9104A00B7E486 /* TabBar */ = {
			isa = PBXGroup;
			children = (
				89B400AC26A9104A00B7E486 /* SZ_MainTabBarControllerViewController.swift */,
			);
			path = TabBar;
			sourceTree = "<group>";
		};
		89B400AD26A9104A00B7E486 /* NavigationBar */ = {
			isa = PBXGroup;
			children = (
				89B400AE26A9104A00B7E486 /* SZ_MainNavigationControll.swift */,
			);
			path = NavigationBar;
			sourceTree = "<group>";
		};
		89B400B326A9106900B7E486 /* BaseViewController */ = {
			isa = PBXGroup;
			children = (
				89B400B426A9107400B7E486 /* BaseViewController.swift */,
			);
			path = BaseViewController;
			sourceTree = "<group>";
		};
		89B400BB26A91F7600B7E486 /* Home */ = {
			isa = PBXGroup;
			children = (
				8969771126B140A00024484E /* ViewModel */,
				89B4023026AE8C1A00B7E486 /* View */,
				89B400BC26A91F7E00B7E486 /* HomeVC.swift */,
				8969770D26B0F23B0024484E /* RxSwiftVC.swift */,
				8988940026BD46BD00DFD094 /* BasePageVC.swift */,
				8988940626BD475800DFD094 /* ListViewController.swift */,
			);
			path = Home;
			sourceTree = "<group>";
		};
		89B401CA26AE640100B7E486 /* JSON */ = {
			isa = PBXGroup;
			children = (
				89B401CB26AE640100B7E486 /* chat.json */,
				89B401CC26AE640100B7E486 /* moments.json */,
				89B401CD26AE640100B7E486 /* contact.json */,
				89B401CE26AE640100B7E486 /* message.json */,
				8969771626B141210024484E /* home_data.json */,
			);
			path = JSON;
			sourceTree = "<group>";
		};
		89B4022B26AE857600B7E486 /* Refresh */ = {
			isa = PBXGroup;
			children = (
				89B4022C26AE858C00B7E486 /* MJRefresh+Rx.swift */,
			);
			path = Refresh;
			sourceTree = "<group>";
		};
		89B4023026AE8C1A00B7E486 /* View */ = {
			isa = PBXGroup;
			children = (
				89B4023126AE8C3000B7E486 /* HomeTableViewCell.swift */,
				8988940326BD46E600DFD094 /* PagingViewTableHeaderView.swift */,
			);
			path = View;
			sourceTree = "<group>";
		};
		89B4023526AE8D4700B7E486 /* Manager */ = {
			isa = PBXGroup;
			children = (
				89B4023626AE8D4700B7E486 /* RequestManager */,
			);
			path = Manager;
			sourceTree = "<group>";
		};
		89B4023626AE8D4700B7E486 /* RequestManager */ = {
			isa = PBXGroup;
			children = (
				89B4023726AE8D4700B7E486 /* RequestConfig.swift */,
				89B4023826AE8D4700B7E486 /* Api.swift */,
				89B4023926AE8D4700B7E486 /* AppRequest.swift */,
			);
			path = RequestManager;
			sourceTree = "<group>";
		};
		89B4023A26AE8D4700B7E486 /* Common */ = {
			isa = PBXGroup;
			children = (
				89B4023F26AE8D5900B7E486 /* Macro.swift */,
			);
			path = Common;
			sourceTree = "<group>";
		};
		89B4024426AE938300B7E486 /* extension */ = {
			isa = PBXGroup;
			children = (
				898893FD26BD451300DFD094 /* UIWindow+JXSafeArea.swift */,
				89B4024526AE939600B7E486 /* SZColors.swift */,
			);
			path = extension;
			sourceTree = "<group>";
		};
		89FB2FDA26A8242800793F0D = {
			isa = PBXGroup;
			children = (
				89FB2FE526A8242800793F0D /* SwiftS3season */,
				89FB2FE426A8242800793F0D /* Products */,
				994AA76CD55BEC5C6A9175B7 /* Pods */,
				E57752A4FC355A001F7BA533 /* Frameworks */,
			);
			sourceTree = "<group>";
		};
		89FB2FE426A8242800793F0D /* Products */ = {
			isa = PBXGroup;
			children = (
				89FB2FE326A8242800793F0D /* SwiftS3season.app */,
			);
			name = Products;
			sourceTree = "<group>";
		};
		89FB2FE526A8242800793F0D /* SwiftS3season */ = {
			isa = PBXGroup;
			children = (
				8969779C26BA6EC00024484E /* Source */,
				89B4024426AE938300B7E486 /* extension */,
				89B4023A26AE8D4700B7E486 /* Common */,
				89B4023526AE8D4700B7E486 /* Manager */,
				89B401CA26AE640100B7E486 /* JSON */,
				89B400AA26A9104A00B7E486 /* BaseUi */,
				8988941A26BE588200DFD094 /* iOSBase */,
				89B400A926A90F4800B7E486 /* SwiftBase */,
				89B4006526A8301B00B7E486 /* Screen */,
				89FB2FE626A8242800793F0D /* AppDelegate.swift */,
				89FB2FEA26A8242900793F0D /* ViewController.swift */,
				89FB2FEF26A8242D00793F0D /* Assets.xcassets */,
				89FB2FF126A8242D00793F0D /* LaunchScreen.storyboard */,
				89FB2FF426A8242D00793F0D /* Info.plist */,
			);
			path = SwiftS3season;
			sourceTree = "<group>";
		};
		994AA76CD55BEC5C6A9175B7 /* Pods */ = {
			isa = PBXGroup;
			children = (
				80C489030435A34333E79262 /* Pods-SwiftS3season.debug.xcconfig */,
				081A532BAA47AD2D87F9B2E8 /* Pods-SwiftS3season.release.xcconfig */,
			);
			path = Pods;
			sourceTree = "<group>";
		};
		E57752A4FC355A001F7BA533 /* Frameworks */ = {
			isa = PBXGroup;
			children = (
				0790D4E87291A55468566A52 /* Pods_SwiftS3season.framework */,
			);
			name = Frameworks;
			sourceTree = "<group>";
		};
/* End PBXGroup section */

/* Begin PBXNativeTarget section */
		89FB2FE226A8242800793F0D /* SwiftS3season */ = {
			isa = PBXNativeTarget;
			buildConfigurationList = 89FB2FF726A8242D00793F0D /* Build configuration list for PBXNativeTarget "SwiftS3season" */;
			buildPhases = (
				33438AEC156A8E494B596A4F /* [CP] Check Pods Manifest.lock */,
				89FB2FDF26A8242800793F0D /* Sources */,
				89FB2FE026A8242800793F0D /* Frameworks */,
				89FB2FE126A8242800793F0D /* Resources */,
				7A70F038C47AFDA3236C2398 /* [CP] Embed Pods Frameworks */,
			);
			buildRules = (
			);
			dependencies = (
			);
			name = SwiftS3season;
			productName = SwiftS3season;
			productReference = 89FB2FE326A8242800793F0D /* SwiftS3season.app */;
			productType = "com.apple.product-type.application";
		};
/* End PBXNativeTarget section */

/* Begin PBXProject section */
		89FB2FDB26A8242800793F0D /* Project object */ = {
			isa = PBXProject;
			attributes = {
				LastSwiftUpdateCheck = 1220;
				LastUpgradeCheck = 1220;
				TargetAttributes = {
					89FB2FE226A8242800793F0D = {
						CreatedOnToolsVersion = 12.2;
						LastSwiftMigration = 1240;
					};
				};
			};
			buildConfigurationList = 89FB2FDE26A8242800793F0D /* Build configuration list for PBXProject "SwiftS3season" */;
			compatibilityVersion = "Xcode 9.3";
			developmentRegion = en;
			hasScannedForEncodings = 0;
			knownRegions = (
				en,
				Base,
			);
			mainGroup = 89FB2FDA26A8242800793F0D;
			productRefGroup = 89FB2FE426A8242800793F0D /* Products */;
			projectDirPath = "";
			projectRoot = "";
			targets = (
				89FB2FE226A8242800793F0D /* SwiftS3season */,
			);
		};
/* End PBXProject section */

/* Begin PBXResourcesBuildPhase section */
		89FB2FE126A8242800793F0D /* Resources */ = {
			isa = PBXResourcesBuildPhase;
			buildActionMask = 2147483647;
			files = (
				89B401CF26AE640100B7E486 /* chat.json in Resources */,
				8969771726B141210024484E /* home_data.json in Resources */,
				89B401D226AE640100B7E486 /* message.json in Resources */,
				896977A026BA6ED80024484E /* img_02.jpeg in Resources */,
				89B401D126AE640100B7E486 /* contact.json in Resources */,
				89FB2FF326A8242D00793F0D /* LaunchScreen.storyboard in Resources */,
				896977A126BA6ED80024484E /* img_01.jpeg in Resources */,
				89FB2FF026A8242D00793F0D /* Assets.xcassets in Resources */,
				89B401D026AE640100B7E486 /* moments.json in Resources */,
				8969772026B242A70024484E /* MirrorX.cikernel in Resources */,
				896977A226BA6ED80024484E /* img_03.jpeg in Resources */,
			);
			runOnlyForDeploymentPostprocessing = 0;
		};
/* End PBXResourcesBuildPhase section */

/* Begin PBXShellScriptBuildPhase section */
		33438AEC156A8E494B596A4F /* [CP] Check Pods Manifest.lock */ = {
			isa = PBXShellScriptBuildPhase;
			buildActionMask = 2147483647;
			files = (
			);
			inputFileListPaths = (
			);
			inputPaths = (
				"${PODS_PODFILE_DIR_PATH}/Podfile.lock",
				"${PODS_ROOT}/Manifest.lock",
			);
			name = "[CP] Check Pods Manifest.lock";
			outputFileListPaths = (
			);
			outputPaths = (
				"$(DERIVED_FILE_DIR)/Pods-SwiftS3season-checkManifestLockResult.txt",
			);
			runOnlyForDeploymentPostprocessing = 0;
			shellPath = /bin/sh;
			shellScript = "diff \"${PODS_PODFILE_DIR_PATH}/Podfile.lock\" \"${PODS_ROOT}/Manifest.lock\" > /dev/null\nif [ $? != 0 ] ; then\n    # print error to STDERR\n    echo \"error: The sandbox is not in sync with the Podfile.lock. Run 'pod install' or update your CocoaPods installation.\" >&2\n    exit 1\nfi\n# This output is used by Xcode 'outputs' to avoid re-running this script phase.\necho \"SUCCESS\" > \"${SCRIPT_OUTPUT_FILE_0}\"\n";
			showEnvVarsInLog = 0;
		};
		7A70F038C47AFDA3236C2398 /* [CP] Embed Pods Frameworks */ = {
			isa = PBXShellScriptBuildPhase;
			buildActionMask = 2147483647;
			files = (
			);
			inputFileListPaths = (
				"${PODS_ROOT}/Target Support Files/Pods-SwiftS3season/Pods-SwiftS3season-frameworks-${CONFIGURATION}-input-files.xcfilelist",
			);
			name = "[CP] Embed Pods Frameworks";
			outputFileListPaths = (
				"${PODS_ROOT}/Target Support Files/Pods-SwiftS3season/Pods-SwiftS3season-frameworks-${CONFIGURATION}-output-files.xcfilelist",
			);
			runOnlyForDeploymentPostprocessing = 0;
			shellPath = /bin/sh;
			shellScript = "\"${PODS_ROOT}/Target Support Files/Pods-SwiftS3season/Pods-SwiftS3season-frameworks.sh\"\n";
			showEnvVarsInLog = 0;
		};
/* End PBXShellScriptBuildPhase section */

/* Begin PBXSourcesBuildPhase section */
		89FB2FDF26A8242800793F0D /* Sources */ = {
			isa = PBXSourcesBuildPhase;
			buildActionMask = 2147483647;
			files = (
				89B400B526A9107400B7E486 /* BaseViewController.swift in Sources */,
				8969771326B140AE0024484E /* HomeViewModel.swift in Sources */,
				898893FE26BD451300DFD094 /* UIWindow+JXSafeArea.swift in Sources */,
				89B4024026AE8D5900B7E486 /* Macro.swift in Sources */,
				89B4015B26ABF4EF00B7E486 /* BaseProcotol.swift in Sources */,
				896977A526BA8F080024484E /* LayerMaskVC.swift in Sources */,
				8969779926BA5DEB0024484E /* CoreGraphicsVC.swift in Sources */,
				89FB2FEB26A8242900793F0D /* ViewController.swift in Sources */,
				616667B926BAE67900FD365E /* RunLoopOc.m in Sources */,
				8969782326BBBE010024484E /* PieModel.swift in Sources */,
				89B4015726ABEEF500B7E486 /* BseExtension.swift in Sources */,
				8969771A26B14F170024484E /* CoreImageVC.swift in Sources */,
				8969770E26B0F23B0024484E /* RxSwiftVC.swift in Sources */,
				89B400AF26A9104A00B7E486 /* SZ_MainTabBarControllerViewController.swift in Sources */,
				89B4023226AE8C3000B7E486 /* HomeTableViewCell.swift in Sources */,
				896977FE26BB7C450024484E /* GraphView.swift in Sources */,
				89B400B926A9116500B7E486 /* BasedSome.swift in Sources */,
				8969774326B791660024484E /* CAShapeLayerVC.swift in Sources */,
				89B4011B26AAC30D00B7E486 /* BaseClassStruct.swift in Sources */,
				89B4022D26AE858C00B7E486 /* MJRefresh+Rx.swift in Sources */,
				89B4015326ABE53200B7E486 /* BaseErrorThrows.swift in Sources */,
				89B400B026A9104A00B7E486 /* SZ_MainNavigationControll.swift in Sources */,
				89B4024626AE939600B7E486 /* SZColors.swift in Sources */,
				8969780126BBAFDF0024484E /* PieChartView.swift in Sources */,
				8969774826B8D7380024484E /* CAMediaTimingVC.swift in Sources */,
				89B400BD26A91F7E00B7E486 /* HomeVC.swift in Sources */,
				89B4011826AA908C00B7E486 /* BaseBlock.swift in Sources */,
				89B4023D26AE8D4700B7E486 /* AppRequest.swift in Sources */,
				89B4023B26AE8D4700B7E486 /* RequestConfig.swift in Sources */,
				89B400C126A9562000B7E486 /* BaseCollection.swift in Sources */,
				6166662226BAD69C00FD365E /* RunLoopVC.swift in Sources */,
				89B4023C26AE8D4700B7E486 /* Api.swift in Sources */,
				8969771D26B241090024484E /* CustomFilter.swift in Sources */,
				8969773D26B781330024484E /* CubeVC.swift in Sources */,
				896977F726BB7A7C0024484E /* CAChartVC.swift in Sources */,
				8988940426BD46E600DFD094 /* PagingViewTableHeaderView.swift in Sources */,
				89FB2FE726A8242800793F0D /* AppDelegate.swift in Sources */,
				8988940126BD46BD00DFD094 /* BasePageVC.swift in Sources */,
				8988940726BD475800DFD094 /* ListViewController.swift in Sources */,
				8969773626B2B7BA0024484E /* CoreAnimationVC.swift in Sources */,
			);
			runOnlyForDeploymentPostprocessing = 0;
		};
/* End PBXSourcesBuildPhase section */

/* Begin PBXVariantGroup section */
		89FB2FF126A8242D00793F0D /* LaunchScreen.storyboard */ = {
			isa = PBXVariantGroup;
			children = (
				89FB2FF226A8242D00793F0D /* Base */,
			);
			name = LaunchScreen.storyboard;
			sourceTree = "<group>";
		};
/* End PBXVariantGroup section */

/* Begin XCBuildConfiguration section */
		89FB2FF526A8242D00793F0D /* Debug */ = {
			isa = XCBuildConfiguration;
			buildSettings = {
				ALWAYS_SEARCH_USER_PATHS = NO;
				CLANG_ANALYZER_NONNULL = YES;
				CLANG_ANALYZER_NUMBER_OBJECT_CONVERSION = YES_AGGRESSIVE;
				CLANG_CXX_LANGUAGE_STANDARD = "gnu++14";
				CLANG_CXX_LIBRARY = "libc++";
				CLANG_ENABLE_MODULES = YES;
				CLANG_ENABLE_OBJC_ARC = YES;
				CLANG_ENABLE_OBJC_WEAK = YES;
				CLANG_WARN_BLOCK_CAPTURE_AUTORELEASING = YES;
				CLANG_WARN_BOOL_CONVERSION = YES;
				CLANG_WARN_COMMA = YES;
				CLANG_WARN_CONSTANT_CONVERSION = YES;
				CLANG_WARN_DEPRECATED_OBJC_IMPLEMENTATIONS = YES;
				CLANG_WARN_DIRECT_OBJC_ISA_USAGE = YES_ERROR;
				CLANG_WARN_DOCUMENTATION_COMMENTS = YES;
				CLANG_WARN_EMPTY_BODY = YES;
				CLANG_WARN_ENUM_CONVERSION = YES;
				CLANG_WARN_INFINITE_RECURSION = YES;
				CLANG_WARN_INT_CONVERSION = YES;
				CLANG_WARN_NON_LITERAL_NULL_CONVERSION = YES;
				CLANG_WARN_OBJC_IMPLICIT_RETAIN_SELF = YES;
				CLANG_WARN_OBJC_LITERAL_CONVERSION = YES;
				CLANG_WARN_OBJC_ROOT_CLASS = YES_ERROR;
				CLANG_WARN_QUOTED_INCLUDE_IN_FRAMEWORK_HEADER = YES;
				CLANG_WARN_RANGE_LOOP_ANALYSIS = YES;
				CLANG_WARN_STRICT_PROTOTYPES = YES;
				CLANG_WARN_SUSPICIOUS_MOVE = YES;
				CLANG_WARN_UNGUARDED_AVAILABILITY = YES_AGGRESSIVE;
				CLANG_WARN_UNREACHABLE_CODE = YES;
				CLANG_WARN__DUPLICATE_METHOD_MATCH = YES;
				COPY_PHASE_STRIP = NO;
				DEBUG_INFORMATION_FORMAT = dwarf;
				ENABLE_STRICT_OBJC_MSGSEND = YES;
				ENABLE_TESTABILITY = YES;
				GCC_C_LANGUAGE_STANDARD = gnu11;
				GCC_DYNAMIC_NO_PIC = NO;
				GCC_NO_COMMON_BLOCKS = YES;
				GCC_OPTIMIZATION_LEVEL = 0;
				GCC_PREPROCESSOR_DEFINITIONS = (
					"DEBUG=1",
					"$(inherited)",
				);
				GCC_WARN_64_TO_32_BIT_CONVERSION = YES;
				GCC_WARN_ABOUT_RETURN_TYPE = YES_ERROR;
				GCC_WARN_UNDECLARED_SELECTOR = YES;
				GCC_WARN_UNINITIALIZED_AUTOS = YES_AGGRESSIVE;
				GCC_WARN_UNUSED_FUNCTION = YES;
				GCC_WARN_UNUSED_VARIABLE = YES;
				IPHONEOS_DEPLOYMENT_TARGET = 14.2;
				MTL_ENABLE_DEBUG_INFO = INCLUDE_SOURCE;
				MTL_FAST_MATH = YES;
				ONLY_ACTIVE_ARCH = YES;
				SDKROOT = iphoneos;
				SWIFT_ACTIVE_COMPILATION_CONDITIONS = DEBUG;
				SWIFT_OPTIMIZATION_LEVEL = "-Onone";
			};
			name = Debug;
		};
		89FB2FF626A8242D00793F0D /* Release */ = {
			isa = XCBuildConfiguration;
			buildSettings = {
				ALWAYS_SEARCH_USER_PATHS = NO;
				CLANG_ANALYZER_NONNULL = YES;
				CLANG_ANALYZER_NUMBER_OBJECT_CONVERSION = YES_AGGRESSIVE;
				CLANG_CXX_LANGUAGE_STANDARD = "gnu++14";
				CLANG_CXX_LIBRARY = "libc++";
				CLANG_ENABLE_MODULES = YES;
				CLANG_ENABLE_OBJC_ARC = YES;
				CLANG_ENABLE_OBJC_WEAK = YES;
				CLANG_WARN_BLOCK_CAPTURE_AUTORELEASING = YES;
				CLANG_WARN_BOOL_CONVERSION = YES;
				CLANG_WARN_COMMA = YES;
				CLANG_WARN_CONSTANT_CONVERSION = YES;
				CLANG_WARN_DEPRECATED_OBJC_IMPLEMENTATIONS = YES;
				CLANG_WARN_DIRECT_OBJC_ISA_USAGE = YES_ERROR;
				CLANG_WARN_DOCUMENTATION_COMMENTS = YES;
				CLANG_WARN_EMPTY_BODY = YES;
				CLANG_WARN_ENUM_CONVERSION = YES;
				CLANG_WARN_INFINITE_RECURSION = YES;
				CLANG_WARN_INT_CONVERSION = YES;
				CLANG_WARN_NON_LITERAL_NULL_CONVERSION = YES;
				CLANG_WARN_OBJC_IMPLICIT_RETAIN_SELF = YES;
				CLANG_WARN_OBJC_LITERAL_CONVERSION = YES;
				CLANG_WARN_OBJC_ROOT_CLASS = YES_ERROR;
				CLANG_WARN_QUOTED_INCLUDE_IN_FRAMEWORK_HEADER = YES;
				CLANG_WARN_RANGE_LOOP_ANALYSIS = YES;
				CLANG_WARN_STRICT_PROTOTYPES = YES;
				CLANG_WARN_SUSPICIOUS_MOVE = YES;
				CLANG_WARN_UNGUARDED_AVAILABILITY = YES_AGGRESSIVE;
				CLANG_WARN_UNREACHABLE_CODE = YES;
				CLANG_WARN__DUPLICATE_METHOD_MATCH = YES;
				COPY_PHASE_STRIP = NO;
				DEBUG_INFORMATION_FORMAT = "dwarf-with-dsym";
				ENABLE_NS_ASSERTIONS = NO;
				ENABLE_STRICT_OBJC_MSGSEND = YES;
				GCC_C_LANGUAGE_STANDARD = gnu11;
				GCC_NO_COMMON_BLOCKS = YES;
				GCC_WARN_64_TO_32_BIT_CONVERSION = YES;
				GCC_WARN_ABOUT_RETURN_TYPE = YES_ERROR;
				GCC_WARN_UNDECLARED_SELECTOR = YES;
				GCC_WARN_UNINITIALIZED_AUTOS = YES_AGGRESSIVE;
				GCC_WARN_UNUSED_FUNCTION = YES;
				GCC_WARN_UNUSED_VARIABLE = YES;
				IPHONEOS_DEPLOYMENT_TARGET = 14.2;
				MTL_ENABLE_DEBUG_INFO = NO;
				MTL_FAST_MATH = YES;
				SDKROOT = iphoneos;
				SWIFT_COMPILATION_MODE = wholemodule;
				SWIFT_OPTIMIZATION_LEVEL = "-O";
				VALIDATE_PRODUCT = YES;
			};
			name = Release;
		};
		89FB2FF826A8242D00793F0D /* Debug */ = {
			isa = XCBuildConfiguration;
			baseConfigurationReference = 80C489030435A34333E79262 /* Pods-SwiftS3season.debug.xcconfig */;
			buildSettings = {
				ASSETCATALOG_COMPILER_APPICON_NAME = AppIcon;
				ASSETCATALOG_COMPILER_GLOBAL_ACCENT_COLOR_NAME = AccentColor;
				CLANG_ENABLE_MODULES = YES;
				CODE_SIGN_STYLE = Automatic;
				INFOPLIST_FILE = SwiftS3season/Info.plist;
				LD_RUNPATH_SEARCH_PATHS = (
					"$(inherited)",
					"@executable_path/Frameworks",
				);
				PRODUCT_BUNDLE_IDENTIFIER = seaosn.SwiftS3season;
				PRODUCT_NAME = "$(TARGET_NAME)";
				SWIFT_OBJC_BRIDGING_HEADER = "SwiftS3season/Screen/RunLoop/SwiftS3season-Bridging-Header.h";
				SWIFT_OPTIMIZATION_LEVEL = "-Onone";
				SWIFT_VERSION = 5.0;
				TARGETED_DEVICE_FAMILY = "1,2";
			};
			name = Debug;
		};
		89FB2FF926A8242D00793F0D /* Release */ = {
			isa = XCBuildConfiguration;
			baseConfigurationReference = 081A532BAA47AD2D87F9B2E8 /* Pods-SwiftS3season.release.xcconfig */;
			buildSettings = {
				ASSETCATALOG_COMPILER_APPICON_NAME = AppIcon;
				ASSETCATALOG_COMPILER_GLOBAL_ACCENT_COLOR_NAME = AccentColor;
				CLANG_ENABLE_MODULES = YES;
				CODE_SIGN_STYLE = Automatic;
				INFOPLIST_FILE = SwiftS3season/Info.plist;
				LD_RUNPATH_SEARCH_PATHS = (
					"$(inherited)",
					"@executable_path/Frameworks",
				);
				PRODUCT_BUNDLE_IDENTIFIER = seaosn.SwiftS3season;
				PRODUCT_NAME = "$(TARGET_NAME)";
				SWIFT_OBJC_BRIDGING_HEADER = "SwiftS3season/Screen/RunLoop/SwiftS3season-Bridging-Header.h";
				SWIFT_VERSION = 5.0;
				TARGETED_DEVICE_FAMILY = "1,2";
			};
			name = Release;
		};
/* End XCBuildConfiguration section */

/* Begin XCConfigurationList section */
		89FB2FDE26A8242800793F0D /* Build configuration list for PBXProject "SwiftS3season" */ = {
			isa = XCConfigurationList;
			buildConfigurations = (
				89FB2FF526A8242D00793F0D /* Debug */,
				89FB2FF626A8242D00793F0D /* Release */,
			);
			defaultConfigurationIsVisible = 0;
			defaultConfigurationName = Release;
		};
		89FB2FF726A8242D00793F0D /* Build configuration list for PBXNativeTarget "SwiftS3season" */ = {
			isa = XCConfigurationList;
			buildConfigurations = (
				89FB2FF826A8242D00793F0D /* Debug */,
				89FB2FF926A8242D00793F0D /* Release */,
			);
			defaultConfigurationIsVisible = 0;
			defaultConfigurationName = Release;
		};
/* End XCConfigurationList section */
	};
	rootObject = 89FB2FDB26A8242800793F0D /* Project object */;
}
